# This file is automatically @generated by Cargo.
# It is not intended for manual editing.
version = 3

[[package]]
name = "adler2"
version = "2.0.1"
source = "registry+https://github.com/rust-lang/crates.io-index"
checksum = "320119579fcad9c21884f5c4861d16174d0e06250625266f50fe6898340abefa"

[[package]]
name = "ferrugo"
version = "0.1.0"
dependencies = [
 "ferrugo-native",
 "ferrugo-pdfium",
 "ferrugo-thumbnail",
]

[[package]]
name = "ferrugo-content"
version = "0.1.0"
dependencies = [
 "ferrugo-object",
 "ferrugo-syntax",
]

[[package]]
name = "ferrugo-native"
version = "0.1.0"
dependencies = [
 "ferrugo-content",
 "ferrugo-object",
 "ferrugo-render",
 "ferrugo-syntax",
 "ferrugo-thumbnail",
]

[[package]]
name = "ferrugo-object"
version = "0.1.0"
dependencies = [
 "ferrugo-syntax",
 "flate2",
]

[[package]]
name = "ferrugo-pdfium"
version = "0.1.0"
dependencies = [
 "ferrugo-thumbnail",
]

[[package]]
name = "ferrugo-render"
version = "0.1.0"
dependencies = [
 "ferrugo-content",
 "ferrugo-object",
 "ferrugo-syntax",
 "ferrugo-thumbnail",
 "ttf-parser",
 "zune-jpeg",
]

[[package]]
name = "ferrugo-syntax"
version = "0.1.0"

[[package]]
name = "ferrugo-thumbnail"
version = "0.1.0"

[[package]]
name = "ferrugo-wasm-smoke"
version = "0.1.0"
dependencies = [
 "ferrugo-native",
 "ferrugo-thumbnail",
]

[[package]]
name = "flate2"
version = "1.1.9"
source = "registry+https://github.com/rust-lang/crates.io-index"
checksum = "843fba2746e448b37e26a819579957415c8cef339bf08564fe8b7ddbd959573c"
dependencies = [
 "miniz_oxide",
 "zlib-rs",
]

[[package]]
name = "miniz_oxide"
version = "0.8.9"
source = "registry+https://github.com/rust-lang/crates.io-index"
checksum = "1fa76a2c86f704bdb222d66965fb3d63269ce38518b83cb0575fca855ebb6316"
dependencies = [
 "adler2",
 "simd-adler32",
]

[[package]]
name = "simd-adler32"
version = "0.3.9"
source = "registry+https://github.com/rust-lang/crates.io-index"
checksum = "703d5c7ef118737c72f1af64ad2f6f8c5e1921f818cdcb97b8fe6fc69bf66214"

[[package]]
name = "ttf-parser"
version = "0.25.1"
source = "registry+https://github.com/rust-lang/crates.io-index"
checksum = "d2df906b07856748fa3f6e0ad0cbaa047052d4a7dd609e231c4f72cee8c36f31"

[[package]]
name = "zlib-rs"
version = "0.6.4"
source = "registry+https://github.com/rust-lang/crates.io-index"
checksum = "977347db8caa080403f6b6b7c1cda9479a8e869316f7e13a59b19076a40f94e3"

[[package]]
name = "zune-core"
version = "0.5.1"
source = "registry+https://github.com/rust-lang/crates.io-index"
checksum = "cb8a0807f7c01457d0379ba880ba6322660448ddebc890ce29bb64da71fb40f9"

[[package]]
name = "zune-jpeg"
version = "0.5.15"
source = "registry+https://github.com/rust-lang/crates.io-index"
checksum = "27bc9d5b815bc103f142aa054f561d9187d191692ec7c2d1e2b4737f8dbd7296"
dependencies = [
 "zune-core",
]
