# This file is automatically @generated by Cargo.
# It is not intended for manual editing.
version = 3

[[package]]
name = "pdfrust-cli"
version = "0.1.0"
dependencies = [
 "pdfrust-pdfium",
 "pdfrust-thumbnail",
]

[[package]]
name = "pdfrust-pdfium"
version = "0.1.0"
dependencies = [
 "pdfrust-thumbnail",
]

[[package]]
name = "pdfrust-thumbnail"
version = "0.1.0"
